
Microsoft Visual Studio Solution File, Format Version 12.00
# Visual Studio Version 17
VisualStudioVersion = 17.0.31903.59
MinimumVisualStudioVersion = 10.0.40219.1
Project("{9A19103F-16F7-4668-BE54-9A1E7A4F7556}") = "LargestComponentSize", "LargestComponentSize\LargestComponentSize.csproj", "{CB1BA7F2-F1D1-4FEE-85C2-1C6C0703AF20}"
EndProject
Project("{FAE04EC0-301F-11D3-BF4B-00C04F79EFBC}") = "AccountsMerge", "AccountsMerge\AccountsMerge.csproj", "{5DCCD5AB-7E16-4CA2-82E9-1ADE0472459F}"
EndProject
Global
	GlobalSection(SolutionConfigurationPlatforms) = preSolution
		Debug|Any CPU = Debug|Any CPU
		Release|Any CPU = Release|Any CPU
	EndGlobalSection
	GlobalSection(ProjectConfigurationPlatforms) = postSolution
		{CB1BA7F2-F1D1-4FEE-85C2-1C6C0703AF20}.Debug|Any CPU.ActiveCfg = Debug|Any CPU
		{CB1BA7F2-F1D1-4FEE-85C2-1C6C0703AF20}.Debug|Any CPU.Build.0 = Debug|Any CPU
		{CB1BA7F2-F1D1-4FEE-85C2-1C6C0703AF20}.Release|Any CPU.ActiveCfg = Release|Any CPU
		{CB1BA7F2-F1D1-4FEE-85C2-1C6C0703AF20}.Release|Any CPU.Build.0 = Release|Any CPU
		{5DCCD5AB-7E16-4CA2-82E9-1ADE0472459F}.Debug|Any CPU.ActiveCfg = Debug|Any CPU
		{5DCCD5AB-7E16-4CA2-82E9-1ADE0472459F}.Debug|Any CPU.Build.0 = Debug|Any CPU
		{5DCCD5AB-7E16-4CA2-82E9-1ADE0472459F}.Release|Any CPU.ActiveCfg = Release|Any CPU
		{5DCCD5AB-7E16-4CA2-82E9-1ADE0472459F}.Release|Any CPU.Build.0 = Release|Any CPU
	EndGlobalSection
	GlobalSection(SolutionProperties) = preSolution
		HideSolutionNode = FALSE
	EndGlobalSection
	GlobalSection(ExtensibilityGlobals) = postSolution
		SolutionGuid = {3C7A50AF-A047-4E79-9B8A-E8ED91B408B1}
	EndGlobalSection
EndGlobal
