
Microsoft Visual Studio Solution File, Format Version 12.00
# Visual Studio Version 17
VisualStudioVersion = 17.0.31903.59
MinimumVisualStudioVersion = 10.0.40219.1
Project("{9A19103F-16F7-4668-BE54-9A1E7A4F7556}") = "LargestComponentSize", "LargestComponentSize\LargestComponentSize.csproj", "{CB1BA7F2-F1D1-4FEE-85C2-1C6C0703AF20}"
EndProject
Project("{9A19103F-16F7-4668-BE54-9A1E7A4F7556}") = "AccountsMerge", "AccountsMerge\AccountsMerge.csproj", "{5DCCD5AB-7E16-4CA2-82E9-1ADE0472459F}"
EndProject
Project("{9A19103F-16F7-4668-BE54-9A1E7A4F7556}") = "TwoSum", "TwoSum\TwoSum.csproj", "{7296084D-B0E8-45FC-B9AB-01B41999A54D}"
EndProject
Project("{9A19103F-16F7-4668-BE54-9A1E7A4F7556}") = "AddTwoNumbers", "AddTwoNumbers\AddTwoNumbers.csproj", "{85B5BCA5-4811-4830-8339-5F2EE3C36CC2}"
EndProject
Project("{9A19103F-16F7-4668-BE54-9A1E7A4F7556}") = "LongestSubstringWithoutRepeatingCharacters", "LongestSubstringWithoutRepeatingCharacters\LongestSubstringWithoutRepeatingCharacters.csproj", "{D314F810-9454-4BDF-BBEE-0A567CEEA403}"
EndProject
Project("{9A19103F-16F7-4668-BE54-9A1E7A4F7556}") = "MedianOfTwoSortedArray", "MedianOfTwoSortedArray\MedianOfTwoSortedArray.csproj", "{72F330FC-868D-4C73-ABE1-9B163033AAA3}"
EndProject
Project("{9A19103F-16F7-4668-BE54-9A1E7A4F7556}") = "ArrayManipulation", "ArrayManipulation\ArrayManipulation.csproj", "{46D9D2A0-A704-41FF-BAE8-F4BC45ECE999}"
EndProject
Project("{9A19103F-16F7-4668-BE54-9A1E7A4F7556}") = "RansomNote", "RansomNote\RansomNote.csproj", "{76E46B22-4A9D-4299-B91D-39C7405310BD}"
EndProject
Project("{9A19103F-16F7-4668-BE54-9A1E7A4F7556}") = "TwoStrings", "TwoStrings\TwoStrings.csproj", "{1DD7944A-1831-4AC6-887A-441B31F937AF}"
EndProject
Project("{9A19103F-16F7-4668-BE54-9A1E7A4F7556}") = "LongestPalindromicSubstring", "LongestPalindromicSubstring\LongestPalindromicSubstring.csproj", "{F9C7D329-738E-436B-A544-5AC3CD94D34A}"
EndProject
Project("{9A19103F-16F7-4668-BE54-9A1E7A4F7556}") = "ZigzagConversion", "ZigzagConversion\ZigzagConversion.csproj", "{E6EB72A2-6085-4723-9F39-9436D44A6FE6}"
EndProject
Project("{9A19103F-16F7-4668-BE54-9A1E7A4F7556}") = "ReverseInteger", "ReverseInteger\ReverseInteger.csproj", "{9C05A06A-6B38-4699-9DBC-3DC8A53FD8CA}"
EndProject
Project("{9A19103F-16F7-4668-BE54-9A1E7A4F7556}") = "CountingBits", "CountingBits\CountingBits.csproj", "{1E4AE6F2-79E6-4150-99E8-DD149A68DD03}"
EndProject
Project("{9A19103F-16F7-4668-BE54-9A1E7A4F7556}") = "BaseballGame", "BaseballGame\BaseballGame.csproj", "{95AD2789-8981-40F6-91BF-70828680852E}"
EndProject
Project("{9A19103F-16F7-4668-BE54-9A1E7A4F7556}") = "PalindromeNumber", "PalindromeNumber\PalindromeNumber.csproj", "{79736E55-C6DA-40FD-81CB-84BE5C8AF62B}"
EndProject
Project("{9A19103F-16F7-4668-BE54-9A1E7A4F7556}") = "LongestCommonPrefix", "LongestCommonPrefix\LongestCommonPrefix.csproj", "{E453D7D1-B09A-4E96-95BC-BCDB2CFCE32A}"
EndProject
Project("{9A19103F-16F7-4668-BE54-9A1E7A4F7556}") = "ValidParentheses", "ValidParentheses\ValidParentheses.csproj", "{3D65378D-F50E-46DC-A52F-8B4D4312DBCF}"
EndProject
Project("{9A19103F-16F7-4668-BE54-9A1E7A4F7556}") = "MergeTwoSortedLists", "MergeTwoSortedLists\MergeTwoSortedLists.csproj", "{DF25041B-2735-4F13-8702-9C1AA301934F}"
EndProject
Project("{9A19103F-16F7-4668-BE54-9A1E7A4F7556}") = "RemoveDuplidatesFromSortedArray", "RemoveDuplidatesFromSortedArray\RemoveDuplidatesFromSortedArray.csproj", "{CA59AEC1-76CE-423C-AD43-4AB26711CAC7}"
EndProject
Project("{FAE04EC0-301F-11D3-BF4B-00C04F79EFBC}") = "RemoveElement", "RemoveElement\RemoveElement.csproj", "{1882C21D-BA95-4680-9664-2F7256B4CBC7}"
EndProject
Project("{FAE04EC0-301F-11D3-BF4B-00C04F79EFBC}") = "IndexOfTheFirstOccurenceInString", "IndexOfTheFirstOccurenceInString\IndexOfTheFirstOccurenceInString.csproj", "{05CA233E-8FF7-4106-9D5D-BCA3F2010C82}"
EndProject
Global
	GlobalSection(SolutionConfigurationPlatforms) = preSolution
		Debug|Any CPU = Debug|Any CPU
		Release|Any CPU = Release|Any CPU
	EndGlobalSection
	GlobalSection(ProjectConfigurationPlatforms) = postSolution
		{CB1BA7F2-F1D1-4FEE-85C2-1C6C0703AF20}.Debug|Any CPU.ActiveCfg = Debug|Any CPU
		{CB1BA7F2-F1D1-4FEE-85C2-1C6C0703AF20}.Debug|Any CPU.Build.0 = Debug|Any CPU
		{CB1BA7F2-F1D1-4FEE-85C2-1C6C0703AF20}.Release|Any CPU.ActiveCfg = Release|Any CPU
		{CB1BA7F2-F1D1-4FEE-85C2-1C6C0703AF20}.Release|Any CPU.Build.0 = Release|Any CPU
		{5DCCD5AB-7E16-4CA2-82E9-1ADE0472459F}.Debug|Any CPU.ActiveCfg = Debug|Any CPU
		{5DCCD5AB-7E16-4CA2-82E9-1ADE0472459F}.Debug|Any CPU.Build.0 = Debug|Any CPU
		{5DCCD5AB-7E16-4CA2-82E9-1ADE0472459F}.Release|Any CPU.ActiveCfg = Release|Any CPU
		{5DCCD5AB-7E16-4CA2-82E9-1ADE0472459F}.Release|Any CPU.Build.0 = Release|Any CPU
		{7296084D-B0E8-45FC-B9AB-01B41999A54D}.Debug|Any CPU.ActiveCfg = Debug|Any CPU
		{7296084D-B0E8-45FC-B9AB-01B41999A54D}.Debug|Any CPU.Build.0 = Debug|Any CPU
		{7296084D-B0E8-45FC-B9AB-01B41999A54D}.Release|Any CPU.ActiveCfg = Release|Any CPU
		{7296084D-B0E8-45FC-B9AB-01B41999A54D}.Release|Any CPU.Build.0 = Release|Any CPU
		{85B5BCA5-4811-4830-8339-5F2EE3C36CC2}.Debug|Any CPU.ActiveCfg = Debug|Any CPU
		{85B5BCA5-4811-4830-8339-5F2EE3C36CC2}.Debug|Any CPU.Build.0 = Debug|Any CPU
		{85B5BCA5-4811-4830-8339-5F2EE3C36CC2}.Release|Any CPU.ActiveCfg = Release|Any CPU
		{85B5BCA5-4811-4830-8339-5F2EE3C36CC2}.Release|Any CPU.Build.0 = Release|Any CPU
		{D314F810-9454-4BDF-BBEE-0A567CEEA403}.Debug|Any CPU.ActiveCfg = Debug|Any CPU
		{D314F810-9454-4BDF-BBEE-0A567CEEA403}.Debug|Any CPU.Build.0 = Debug|Any CPU
		{D314F810-9454-4BDF-BBEE-0A567CEEA403}.Release|Any CPU.ActiveCfg = Release|Any CPU
		{D314F810-9454-4BDF-BBEE-0A567CEEA403}.Release|Any CPU.Build.0 = Release|Any CPU
		{72F330FC-868D-4C73-ABE1-9B163033AAA3}.Debug|Any CPU.ActiveCfg = Debug|Any CPU
		{72F330FC-868D-4C73-ABE1-9B163033AAA3}.Debug|Any CPU.Build.0 = Debug|Any CPU
		{72F330FC-868D-4C73-ABE1-9B163033AAA3}.Release|Any CPU.ActiveCfg = Release|Any CPU
		{72F330FC-868D-4C73-ABE1-9B163033AAA3}.Release|Any CPU.Build.0 = Release|Any CPU
		{46D9D2A0-A704-41FF-BAE8-F4BC45ECE999}.Debug|Any CPU.ActiveCfg = Debug|Any CPU
		{46D9D2A0-A704-41FF-BAE8-F4BC45ECE999}.Debug|Any CPU.Build.0 = Debug|Any CPU
		{46D9D2A0-A704-41FF-BAE8-F4BC45ECE999}.Release|Any CPU.ActiveCfg = Release|Any CPU
		{46D9D2A0-A704-41FF-BAE8-F4BC45ECE999}.Release|Any CPU.Build.0 = Release|Any CPU
		{76E46B22-4A9D-4299-B91D-39C7405310BD}.Debug|Any CPU.ActiveCfg = Debug|Any CPU
		{76E46B22-4A9D-4299-B91D-39C7405310BD}.Debug|Any CPU.Build.0 = Debug|Any CPU
		{76E46B22-4A9D-4299-B91D-39C7405310BD}.Release|Any CPU.ActiveCfg = Release|Any CPU
		{76E46B22-4A9D-4299-B91D-39C7405310BD}.Release|Any CPU.Build.0 = Release|Any CPU
		{1DD7944A-1831-4AC6-887A-441B31F937AF}.Debug|Any CPU.ActiveCfg = Debug|Any CPU
		{1DD7944A-1831-4AC6-887A-441B31F937AF}.Debug|Any CPU.Build.0 = Debug|Any CPU
		{1DD7944A-1831-4AC6-887A-441B31F937AF}.Release|Any CPU.ActiveCfg = Release|Any CPU
		{1DD7944A-1831-4AC6-887A-441B31F937AF}.Release|Any CPU.Build.0 = Release|Any CPU
		{F9C7D329-738E-436B-A544-5AC3CD94D34A}.Debug|Any CPU.ActiveCfg = Debug|Any CPU
		{F9C7D329-738E-436B-A544-5AC3CD94D34A}.Debug|Any CPU.Build.0 = Debug|Any CPU
		{F9C7D329-738E-436B-A544-5AC3CD94D34A}.Release|Any CPU.ActiveCfg = Release|Any CPU
		{F9C7D329-738E-436B-A544-5AC3CD94D34A}.Release|Any CPU.Build.0 = Release|Any CPU
		{E6EB72A2-6085-4723-9F39-9436D44A6FE6}.Debug|Any CPU.ActiveCfg = Debug|Any CPU
		{E6EB72A2-6085-4723-9F39-9436D44A6FE6}.Debug|Any CPU.Build.0 = Debug|Any CPU
		{E6EB72A2-6085-4723-9F39-9436D44A6FE6}.Release|Any CPU.ActiveCfg = Release|Any CPU
		{E6EB72A2-6085-4723-9F39-9436D44A6FE6}.Release|Any CPU.Build.0 = Release|Any CPU
		{9C05A06A-6B38-4699-9DBC-3DC8A53FD8CA}.Debug|Any CPU.ActiveCfg = Debug|Any CPU
		{9C05A06A-6B38-4699-9DBC-3DC8A53FD8CA}.Debug|Any CPU.Build.0 = Debug|Any CPU
		{9C05A06A-6B38-4699-9DBC-3DC8A53FD8CA}.Release|Any CPU.ActiveCfg = Release|Any CPU
		{9C05A06A-6B38-4699-9DBC-3DC8A53FD8CA}.Release|Any CPU.Build.0 = Release|Any CPU
		{1E4AE6F2-79E6-4150-99E8-DD149A68DD03}.Debug|Any CPU.ActiveCfg = Debug|Any CPU
		{1E4AE6F2-79E6-4150-99E8-DD149A68DD03}.Debug|Any CPU.Build.0 = Debug|Any CPU
		{1E4AE6F2-79E6-4150-99E8-DD149A68DD03}.Release|Any CPU.ActiveCfg = Release|Any CPU
		{1E4AE6F2-79E6-4150-99E8-DD149A68DD03}.Release|Any CPU.Build.0 = Release|Any CPU
		{95AD2789-8981-40F6-91BF-70828680852E}.Debug|Any CPU.ActiveCfg = Debug|Any CPU
		{95AD2789-8981-40F6-91BF-70828680852E}.Debug|Any CPU.Build.0 = Debug|Any CPU
		{95AD2789-8981-40F6-91BF-70828680852E}.Release|Any CPU.ActiveCfg = Release|Any CPU
		{95AD2789-8981-40F6-91BF-70828680852E}.Release|Any CPU.Build.0 = Release|Any CPU
		{79736E55-C6DA-40FD-81CB-84BE5C8AF62B}.Debug|Any CPU.ActiveCfg = Debug|Any CPU
		{79736E55-C6DA-40FD-81CB-84BE5C8AF62B}.Debug|Any CPU.Build.0 = Debug|Any CPU
		{79736E55-C6DA-40FD-81CB-84BE5C8AF62B}.Release|Any CPU.ActiveCfg = Release|Any CPU
		{79736E55-C6DA-40FD-81CB-84BE5C8AF62B}.Release|Any CPU.Build.0 = Release|Any CPU
		{E453D7D1-B09A-4E96-95BC-BCDB2CFCE32A}.Debug|Any CPU.ActiveCfg = Debug|Any CPU
		{E453D7D1-B09A-4E96-95BC-BCDB2CFCE32A}.Debug|Any CPU.Build.0 = Debug|Any CPU
		{E453D7D1-B09A-4E96-95BC-BCDB2CFCE32A}.Release|Any CPU.ActiveCfg = Release|Any CPU
		{E453D7D1-B09A-4E96-95BC-BCDB2CFCE32A}.Release|Any CPU.Build.0 = Release|Any CPU
		{3D65378D-F50E-46DC-A52F-8B4D4312DBCF}.Debug|Any CPU.ActiveCfg = Debug|Any CPU
		{3D65378D-F50E-46DC-A52F-8B4D4312DBCF}.Debug|Any CPU.Build.0 = Debug|Any CPU
		{3D65378D-F50E-46DC-A52F-8B4D4312DBCF}.Release|Any CPU.ActiveCfg = Release|Any CPU
		{3D65378D-F50E-46DC-A52F-8B4D4312DBCF}.Release|Any CPU.Build.0 = Release|Any CPU
		{DF25041B-2735-4F13-8702-9C1AA301934F}.Debug|Any CPU.ActiveCfg = Debug|Any CPU
		{DF25041B-2735-4F13-8702-9C1AA301934F}.Debug|Any CPU.Build.0 = Debug|Any CPU
		{DF25041B-2735-4F13-8702-9C1AA301934F}.Release|Any CPU.ActiveCfg = Release|Any CPU
		{DF25041B-2735-4F13-8702-9C1AA301934F}.Release|Any CPU.Build.0 = Release|Any CPU
		{CA59AEC1-76CE-423C-AD43-4AB26711CAC7}.Debug|Any CPU.ActiveCfg = Debug|Any CPU
		{CA59AEC1-76CE-423C-AD43-4AB26711CAC7}.Debug|Any CPU.Build.0 = Debug|Any CPU
		{CA59AEC1-76CE-423C-AD43-4AB26711CAC7}.Release|Any CPU.ActiveCfg = Release|Any CPU
		{CA59AEC1-76CE-423C-AD43-4AB26711CAC7}.Release|Any CPU.Build.0 = Release|Any CPU
		{1882C21D-BA95-4680-9664-2F7256B4CBC7}.Debug|Any CPU.ActiveCfg = Debug|Any CPU
		{1882C21D-BA95-4680-9664-2F7256B4CBC7}.Debug|Any CPU.Build.0 = Debug|Any CPU
		{1882C21D-BA95-4680-9664-2F7256B4CBC7}.Release|Any CPU.ActiveCfg = Release|Any CPU
		{1882C21D-BA95-4680-9664-2F7256B4CBC7}.Release|Any CPU.Build.0 = Release|Any CPU
		{05CA233E-8FF7-4106-9D5D-BCA3F2010C82}.Debug|Any CPU.ActiveCfg = Debug|Any CPU
		{05CA233E-8FF7-4106-9D5D-BCA3F2010C82}.Debug|Any CPU.Build.0 = Debug|Any CPU
		{05CA233E-8FF7-4106-9D5D-BCA3F2010C82}.Release|Any CPU.ActiveCfg = Release|Any CPU
		{05CA233E-8FF7-4106-9D5D-BCA3F2010C82}.Release|Any CPU.Build.0 = Release|Any CPU
	EndGlobalSection
	GlobalSection(SolutionProperties) = preSolution
		HideSolutionNode = FALSE
	EndGlobalSection
	GlobalSection(ExtensibilityGlobals) = postSolution
		SolutionGuid = {3C7A50AF-A047-4E79-9B8A-E8ED91B408B1}
	EndGlobalSection
EndGlobal
